
Microsoft Visual Studio Solution File, Format Version 12.00
# Visual Studio Version 17
VisualStudioVersion = 17.3.32825.248
MinimumVisualStudioVersion = 10.0.40219.1
Project("{FAE04EC0-301F-11D3-BF4B-00C04F79EFBC}") = "Random_Tal_9_Sept", "Random_Tal_9_Sept\Random_Tal_9_Sept.csproj", "{CFAD2862-283F-45FC-8F40-DD78576E0CE8}"
EndProject
Global
	GlobalSection(SolutionConfigurationPlatforms) = preSolution
		Debug|Any CPU = Debug|Any CPU
		Release|Any CPU = Release|Any CPU
	EndGlobalSection
	GlobalSection(ProjectConfigurationPlatforms) = postSolution
		{CFAD2862-283F-45FC-8F40-DD78576E0CE8}.Debug|Any CPU.ActiveCfg = Debug|Any CPU
		{CFAD2862-283F-45FC-8F40-DD78576E0CE8}.Debug|Any CPU.Build.0 = Debug|Any CPU
		{CFAD2862-283F-45FC-8F40-DD78576E0CE8}.Release|Any CPU.ActiveCfg = Release|Any CPU
		{CFAD2862-283F-45FC-8F40-DD78576E0CE8}.Release|Any CPU.Build.0 = Release|Any CPU
	EndGlobalSection
	GlobalSection(SolutionProperties) = preSolution
		HideSolutionNode = FALSE
	EndGlobalSection
	GlobalSection(ExtensibilityGlobals) = postSolution
		SolutionGuid = {78503356-3DE4-484D-9DBD-A758195A9883}
	EndGlobalSection
EndGlobal
